
Microsoft Visual Studio Solution File, Format Version 12.00
# Visual Studio Version 17
VisualStudioVersion = 17.9.34616.47
MinimumVisualStudioVersion = 10.0.40219.1
Project("{9A19103F-16F7-4668-BE54-9A1E7A4F7556}") = "GYAK_04_202403", "GYAK_04_202403\GYAK_04_202403.csproj", "{B9F3B109-3054-4F6E-A5BB-5D5F1F71779F}"
EndProject
Project("{FAE04EC0-301F-11D3-BF4B-00C04F79EFBC}") = "GYAK_04_202403Test", "GYAK_04_202403Test\GYAK_04_202403Test.csproj", "{75B701D7-26FD-4A25-9E72-F5DD7C9FB776}"
EndProject
Global
	GlobalSection(SolutionConfigurationPlatforms) = preSolution
		Debug|Any CPU = Debug|Any CPU
		Release|Any CPU = Release|Any CPU
	EndGlobalSection
	GlobalSection(ProjectConfigurationPlatforms) = postSolution
		{B9F3B109-3054-4F6E-A5BB-5D5F1F71779F}.Debug|Any CPU.ActiveCfg = Debug|Any CPU
		{B9F3B109-3054-4F6E-A5BB-5D5F1F71779F}.Debug|Any CPU.Build.0 = Debug|Any CPU
		{B9F3B109-3054-4F6E-A5BB-5D5F1F71779F}.Release|Any CPU.ActiveCfg = Release|Any CPU
		{B9F3B109-3054-4F6E-A5BB-5D5F1F71779F}.Release|Any CPU.Build.0 = Release|Any CPU
		{75B701D7-26FD-4A25-9E72-F5DD7C9FB776}.Debug|Any CPU.ActiveCfg = Debug|Any CPU
		{75B701D7-26FD-4A25-9E72-F5DD7C9FB776}.Debug|Any CPU.Build.0 = Debug|Any CPU
		{75B701D7-26FD-4A25-9E72-F5DD7C9FB776}.Release|Any CPU.ActiveCfg = Release|Any CPU
		{75B701D7-26FD-4A25-9E72-F5DD7C9FB776}.Release|Any CPU.Build.0 = Release|Any CPU
	EndGlobalSection
	GlobalSection(SolutionProperties) = preSolution
		HideSolutionNode = FALSE
	EndGlobalSection
	GlobalSection(ExtensibilityGlobals) = postSolution
		SolutionGuid = {D08A9989-62BB-485F-9967-EB2A43F1917F}
	EndGlobalSection
EndGlobal
