
Microsoft Visual Studio Solution File, Format Version 12.00
# Visual Studio Version 17
VisualStudioVersion = 17.9.34616.47
MinimumVisualStudioVersion = 10.0.40219.1
Project("{9A19103F-16F7-4668-BE54-9A1E7A4F7556}") = "GYAK_03_20240226_Teachers", "GYAK_03_20240226_Teachers\GYAK_03_20240226_Teachers.csproj", "{6BAE7B9D-638E-49C5-B371-05FCE22D755B}"
EndProject
Project("{FAE04EC0-301F-11D3-BF4B-00C04F79EFBC}") = "FizetosFeladatsor", "FizetosFeladatsor\FizetosFeladatsor.csproj", "{38F59B64-9C42-4B57-8B97-F13AB9BDE8DD}"
EndProject
Project("{FAE04EC0-301F-11D3-BF4B-00C04F79EFBC}") = "HazasFeladatsor", "HazasFeladatsor\HazasFeladatsor.csproj", "{F08429C3-7848-4B28-9BB5-7A3ED7F4A60E}"
EndProject
Global
	GlobalSection(SolutionConfigurationPlatforms) = preSolution
		Debug|Any CPU = Debug|Any CPU
		Release|Any CPU = Release|Any CPU
	EndGlobalSection
	GlobalSection(ProjectConfigurationPlatforms) = postSolution
		{6BAE7B9D-638E-49C5-B371-05FCE22D755B}.Debug|Any CPU.ActiveCfg = Debug|Any CPU
		{6BAE7B9D-638E-49C5-B371-05FCE22D755B}.Debug|Any CPU.Build.0 = Debug|Any CPU
		{6BAE7B9D-638E-49C5-B371-05FCE22D755B}.Release|Any CPU.ActiveCfg = Release|Any CPU
		{6BAE7B9D-638E-49C5-B371-05FCE22D755B}.Release|Any CPU.Build.0 = Release|Any CPU
		{38F59B64-9C42-4B57-8B97-F13AB9BDE8DD}.Debug|Any CPU.ActiveCfg = Debug|Any CPU
		{38F59B64-9C42-4B57-8B97-F13AB9BDE8DD}.Debug|Any CPU.Build.0 = Debug|Any CPU
		{38F59B64-9C42-4B57-8B97-F13AB9BDE8DD}.Release|Any CPU.ActiveCfg = Release|Any CPU
		{38F59B64-9C42-4B57-8B97-F13AB9BDE8DD}.Release|Any CPU.Build.0 = Release|Any CPU
		{F08429C3-7848-4B28-9BB5-7A3ED7F4A60E}.Debug|Any CPU.ActiveCfg = Debug|Any CPU
		{F08429C3-7848-4B28-9BB5-7A3ED7F4A60E}.Debug|Any CPU.Build.0 = Debug|Any CPU
		{F08429C3-7848-4B28-9BB5-7A3ED7F4A60E}.Release|Any CPU.ActiveCfg = Release|Any CPU
		{F08429C3-7848-4B28-9BB5-7A3ED7F4A60E}.Release|Any CPU.Build.0 = Release|Any CPU
	EndGlobalSection
	GlobalSection(SolutionProperties) = preSolution
		HideSolutionNode = FALSE
	EndGlobalSection
	GlobalSection(ExtensibilityGlobals) = postSolution
		SolutionGuid = {546DA3AA-2BD8-4664-A5F0-0ACEBB22A7BE}
	EndGlobalSection
EndGlobal
