
Microsoft Visual Studio Solution File, Format Version 12.00
# Visual Studio Version 17
VisualStudioVersion = 17.9.34616.47
MinimumVisualStudioVersion = 10.0.40219.1
Project("{9A19103F-16F7-4668-BE54-9A1E7A4F7556}") = "GYAK_05_20240311_Teachers", "GYAK_05_20240311_Teachers\GYAK_05_20240311_Teachers.csproj", "{BF386B22-0133-4B69-BDCF-8FDAF91D3343}"
EndProject
Project("{FAE04EC0-301F-11D3-BF4B-00C04F79EFBC}") = "GYAK_05_20240311_TeachersTest", "GYAK_05_20240311_TeachersTest\GYAK_05_20240311_TeachersTest.csproj", "{14D5E3A9-B83E-4845-AF0A-7C07C13FCEAA}"
EndProject
Global
	GlobalSection(SolutionConfigurationPlatforms) = preSolution
		Debug|Any CPU = Debug|Any CPU
		Release|Any CPU = Release|Any CPU
	EndGlobalSection
	GlobalSection(ProjectConfigurationPlatforms) = postSolution
		{BF386B22-0133-4B69-BDCF-8FDAF91D3343}.Debug|Any CPU.ActiveCfg = Debug|Any CPU
		{BF386B22-0133-4B69-BDCF-8FDAF91D3343}.Debug|Any CPU.Build.0 = Debug|Any CPU
		{BF386B22-0133-4B69-BDCF-8FDAF91D3343}.Release|Any CPU.ActiveCfg = Release|Any CPU
		{BF386B22-0133-4B69-BDCF-8FDAF91D3343}.Release|Any CPU.Build.0 = Release|Any CPU
		{14D5E3A9-B83E-4845-AF0A-7C07C13FCEAA}.Debug|Any CPU.ActiveCfg = Debug|Any CPU
		{14D5E3A9-B83E-4845-AF0A-7C07C13FCEAA}.Debug|Any CPU.Build.0 = Debug|Any CPU
		{14D5E3A9-B83E-4845-AF0A-7C07C13FCEAA}.Release|Any CPU.ActiveCfg = Release|Any CPU
		{14D5E3A9-B83E-4845-AF0A-7C07C13FCEAA}.Release|Any CPU.Build.0 = Release|Any CPU
	EndGlobalSection
	GlobalSection(SolutionProperties) = preSolution
		HideSolutionNode = FALSE
	EndGlobalSection
	GlobalSection(ExtensibilityGlobals) = postSolution
		SolutionGuid = {A692617D-8A1F-4A7B-8FF5-2910700FF0DD}
	EndGlobalSection
EndGlobal
