
Microsoft Visual Studio Solution File, Format Version 12.00
# Visual Studio Version 17
VisualStudioVersion = 17.8.34525.116
MinimumVisualStudioVersion = 10.0.40219.1
Project("{FAE04EC0-301F-11D3-BF4B-00C04F79EFBC}") = "GYAK_01_20240212_Teachers", "GYAK_01_20240212_Teachers\GYAK_01_20240212_Teachers.csproj", "{D5661289-3BF5-4F45-9D38-84AB78C7B815}"
EndProject
Global
	GlobalSection(SolutionConfigurationPlatforms) = preSolution
		Debug|Any CPU = Debug|Any CPU
		Release|Any CPU = Release|Any CPU
	EndGlobalSection
	GlobalSection(ProjectConfigurationPlatforms) = postSolution
		{D5661289-3BF5-4F45-9D38-84AB78C7B815}.Debug|Any CPU.ActiveCfg = Debug|Any CPU
		{D5661289-3BF5-4F45-9D38-84AB78C7B815}.Debug|Any CPU.Build.0 = Debug|Any CPU
		{D5661289-3BF5-4F45-9D38-84AB78C7B815}.Release|Any CPU.ActiveCfg = Release|Any CPU
		{D5661289-3BF5-4F45-9D38-84AB78C7B815}.Release|Any CPU.Build.0 = Release|Any CPU
	EndGlobalSection
	GlobalSection(SolutionProperties) = preSolution
		HideSolutionNode = FALSE
	EndGlobalSection
	GlobalSection(ExtensibilityGlobals) = postSolution
		SolutionGuid = {20C28A89-A0CE-4C0D-BB87-E03F08CDF2FD}
	EndGlobalSection
EndGlobal
