
Microsoft Visual Studio Solution File, Format Version 12.00
# Visual Studio Version 17
VisualStudioVersion = 17.8.34525.116
MinimumVisualStudioVersion = 10.0.40219.1
Project("{FAE04EC0-301F-11D3-BF4B-00C04F79EFBC}") = "GYAK_02_20240219_Teachers", "GYAK_02_20240219_Teachers\GYAK_02_20240219_Teachers.csproj", "{07E74D1E-2B20-452B-86CD-0FA5A4859E6F}"
EndProject
Global
	GlobalSection(SolutionConfigurationPlatforms) = preSolution
		Debug|Any CPU = Debug|Any CPU
		Release|Any CPU = Release|Any CPU
	EndGlobalSection
	GlobalSection(ProjectConfigurationPlatforms) = postSolution
		{07E74D1E-2B20-452B-86CD-0FA5A4859E6F}.Debug|Any CPU.ActiveCfg = Debug|Any CPU
		{07E74D1E-2B20-452B-86CD-0FA5A4859E6F}.Debug|Any CPU.Build.0 = Debug|Any CPU
		{07E74D1E-2B20-452B-86CD-0FA5A4859E6F}.Release|Any CPU.ActiveCfg = Release|Any CPU
		{07E74D1E-2B20-452B-86CD-0FA5A4859E6F}.Release|Any CPU.Build.0 = Release|Any CPU
	EndGlobalSection
	GlobalSection(SolutionProperties) = preSolution
		HideSolutionNode = FALSE
	EndGlobalSection
	GlobalSection(ExtensibilityGlobals) = postSolution
		SolutionGuid = {76BCB9ED-8D19-42AF-ACC6-38E4B9A146C9}
	EndGlobalSection
EndGlobal
